// !$*UTF8*$!
{
	archiveVersion = 1;
	classes = {
	};
	objectVersion = 50;
	objects = {

/* Begin PBXBuildFile section */
		929378DD25B5124B00448FF0 /* MainMenu.swift in Sources */ = {isa = PBXBuildFile; fileRef = 929378DC25B5124B00448FF0 /* MainMenu.swift */; };
		929378E925B679FA00448FF0 /* CreateTV.swift in Sources */ = {isa = PBXBuildFile; fileRef = 929378E825B679FA00448FF0 /* CreateTV.swift */; };
		9293790625BB539200448FF0 /* createSeasonTVC.swift in Sources */ = {isa = PBXBuildFile; fileRef = 9293790525BB539200448FF0 /* createSeasonTVC.swift */; };
		92B14F3A25AFE936002B54D4 /* AppDelegate.swift in Sources */ = {isa = PBXBuildFile; fileRef = 92B14F3925AFE936002B54D4 /* AppDelegate.swift */; };
		92B14F3C25AFE936002B54D4 /* SceneDelegate.swift in Sources */ = {isa = PBXBuildFile; fileRef = 92B14F3B25AFE936002B54D4 /* SceneDelegate.swift */; };
		92B14F3E25AFE936002B54D4 /* Login.swift in Sources */ = {isa = PBXBuildFile; fileRef = 92B14F3D25AFE936002B54D4 /* Login.swift */; };
		92B14F4125AFE936002B54D4 /* Main.storyboard in Resources */ = {isa = PBXBuildFile; fileRef = 92B14F3F25AFE936002B54D4 /* Main.storyboard */; };
		92B14F4425AFE936002B54D4 /* RNDM.xcdatamodeld in Sources */ = {isa = PBXBuildFile; fileRef = 92B14F4225AFE936002B54D4 /* RNDM.xcdatamodeld */; };
		92B14F4625AFE937002B54D4 /* Assets.xcassets in Resources */ = {isa = PBXBuildFile; fileRef = 92B14F4525AFE937002B54D4 /* Assets.xcassets */; };
		92B14F4925AFE937002B54D4 /* LaunchScreen.storyboard in Resources */ = {isa = PBXBuildFile; fileRef = 92B14F4725AFE937002B54D4 /* LaunchScreen.storyboard */; };
		92B14F5425AFEAED002B54D4 /* CloudKit.framework in Frameworks */ = {isa = PBXBuildFile; fileRef = 92B14F5325AFEAED002B54D4 /* CloudKit.framework */; };
		92E47E9825BE25930063882A /* Decide.swift in Sources */ = {isa = PBXBuildFile; fileRef = 92E47E9725BE25930063882A /* Decide.swift */; };
/* End PBXBuildFile section */

/* Begin PBXFileReference section */
		929378DC25B5124B00448FF0 /* MainMenu.swift */ = {isa = PBXFileReference; lastKnownFileType = sourcecode.swift; path = MainMenu.swift; sourceTree = "<group>"; };
		929378E825B679FA00448FF0 /* CreateTV.swift */ = {isa = PBXFileReference; lastKnownFileType = sourcecode.swift; path = CreateTV.swift; sourceTree = "<group>"; };
		9293790525BB539200448FF0 /* createSeasonTVC.swift */ = {isa = PBXFileReference; lastKnownFileType = sourcecode.swift; name = createSeasonTVC.swift; path = "RNDM/View Controllers/createSeasonTVC.swift"; sourceTree = SOURCE_ROOT; };
		92B14F3625AFE936002B54D4 /* RNDM.app */ = {isa = PBXFileReference; explicitFileType = wrapper.application; includeInIndex = 0; path = RNDM.app; sourceTree = BUILT_PRODUCTS_DIR; };
		92B14F3925AFE936002B54D4 /* AppDelegate.swift */ = {isa = PBXFileReference; lastKnownFileType = sourcecode.swift; path = AppDelegate.swift; sourceTree = "<group>"; };
		92B14F3B25AFE936002B54D4 /* SceneDelegate.swift */ = {isa = PBXFileReference; lastKnownFileType = sourcecode.swift; path = SceneDelegate.swift; sourceTree = "<group>"; };
		92B14F3D25AFE936002B54D4 /* Login.swift */ = {isa = PBXFileReference; lastKnownFileType = sourcecode.swift; path = Login.swift; sourceTree = "<group>"; };
		92B14F4025AFE936002B54D4 /* Base */ = {isa = PBXFileReference; lastKnownFileType = file.storyboard; name = Base; path = Base.lproj/Main.storyboard; sourceTree = "<group>"; };
		92B14F4325AFE936002B54D4 /* RNDM.xcdatamodel */ = {isa = PBXFileReference; lastKnownFileType = wrapper.xcdatamodel; path = RNDM.xcdatamodel; sourceTree = "<group>"; };
		92B14F4525AFE937002B54D4 /* Assets.xcassets */ = {isa = PBXFileReference; lastKnownFileType = folder.assetcatalog; path = Assets.xcassets; sourceTree = "<group>"; };
		92B14F4825AFE937002B54D4 /* Base */ = {isa = PBXFileReference; lastKnownFileType = file.storyboard; name = Base; path = Base.lproj/LaunchScreen.storyboard; sourceTree = "<group>"; };
		92B14F4A25AFE937002B54D4 /* Info.plist */ = {isa = PBXFileReference; lastKnownFileType = text.plist.xml; path = Info.plist; sourceTree = "<group>"; };
		92B14F5125AFE9D1002B54D4 /* RNDM.entitlements */ = {isa = PBXFileReference; lastKnownFileType = text.plist.entitlements; path = RNDM.entitlements; sourceTree = "<group>"; };
		92B14F5325AFEAED002B54D4 /* CloudKit.framework */ = {isa = PBXFileReference; lastKnownFileType = wrapper.framework; name = CloudKit.framework; path = System/Library/Frameworks/CloudKit.framework; sourceTree = SDKROOT; };
		92E47E9725BE25930063882A /* Decide.swift */ = {isa = PBXFileReference; lastKnownFileType = sourcecode.swift; path = Decide.swift; sourceTree = "<group>"; };
/* End PBXFileReference section */

/* Begin PBXFrameworksBuildPhase section */
		92B14F3325AFE936002B54D4 /* Frameworks */ = {
			isa = PBXFrameworksBuildPhase;
			buildActionMask = 2147483647;
			files = (
				92B14F5425AFEAED002B54D4 /* CloudKit.framework in Frameworks */,
			);
			runOnlyForDeploymentPostprocessing = 0;
		};
/* End PBXFrameworksBuildPhase section */

/* Begin PBXGroup section */
		929378DF25B5125900448FF0 /* View Controllers */ = {
			isa = PBXGroup;
			children = (
				92E47E9725BE25930063882A /* Decide.swift */,
				92B14F3D25AFE936002B54D4 /* Login.swift */,
				929378DC25B5124B00448FF0 /* MainMenu.swift */,
				929378E825B679FA00448FF0 /* CreateTV.swift */,
			);
			path = "View Controllers";
			sourceTree = "<group>";
		};
		929378EC25B6887600448FF0 /* Classes */ = {
			isa = PBXGroup;
			children = (
			);
			path = Classes;
			sourceTree = "<group>";
		};
		929378F725B7AA7B00448FF0 /* Custom Cells */ = {
			isa = PBXGroup;
			children = (
				9293790525BB539200448FF0 /* createSeasonTVC.swift */,
			);
			path = "Custom Cells";
			sourceTree = "<group>";
		};
		92B14F2D25AFE936002B54D4 = {
			isa = PBXGroup;
			children = (
				92B14F3825AFE936002B54D4 /* RNDM */,
				92B14F3725AFE936002B54D4 /* Products */,
				92B14F5225AFEAED002B54D4 /* Frameworks */,
			);
			sourceTree = "<group>";
		};
		92B14F3725AFE936002B54D4 /* Products */ = {
			isa = PBXGroup;
			children = (
				92B14F3625AFE936002B54D4 /* RNDM.app */,
			);
			name = Products;
			sourceTree = "<group>";
		};
		92B14F3825AFE936002B54D4 /* RNDM */ = {
			isa = PBXGroup;
			children = (
				92B14F5125AFE9D1002B54D4 /* RNDM.entitlements */,
				92B14F3925AFE936002B54D4 /* AppDelegate.swift */,
				92B14F3B25AFE936002B54D4 /* SceneDelegate.swift */,
				929378EC25B6887600448FF0 /* Classes */,
				929378DF25B5125900448FF0 /* View Controllers */,
				929378F725B7AA7B00448FF0 /* Custom Cells */,
				92B14F3F25AFE936002B54D4 /* Main.storyboard */,
				92B14F4525AFE937002B54D4 /* Assets.xcassets */,
				92B14F4725AFE937002B54D4 /* LaunchScreen.storyboard */,
				92B14F4A25AFE937002B54D4 /* Info.plist */,
				92B14F4225AFE936002B54D4 /* RNDM.xcdatamodeld */,
			);
			path = RNDM;
			sourceTree = "<group>";
		};
		92B14F5225AFEAED002B54D4 /* Frameworks */ = {
			isa = PBXGroup;
			children = (
				92B14F5325AFEAED002B54D4 /* CloudKit.framework */,
			);
			name = Frameworks;
			sourceTree = "<group>";
		};
/* End PBXGroup section */

/* Begin PBXNativeTarget section */
		92B14F3525AFE936002B54D4 /* RNDM */ = {
			isa = PBXNativeTarget;
			buildConfigurationList = 92B14F4D25AFE937002B54D4 /* Build configuration list for PBXNativeTarget "RNDM" */;
			buildPhases = (
				92B14F3225AFE936002B54D4 /* Sources */,
				92B14F3325AFE936002B54D4 /* Frameworks */,
				92B14F3425AFE936002B54D4 /* Resources */,
			);
			buildRules = (
			);
			dependencies = (
			);
			name = RNDM;
			productName = RNDM;
			productReference = 92B14F3625AFE936002B54D4 /* RNDM.app */;
			productType = "com.apple.product-type.application";
		};
/* End PBXNativeTarget section */

/* Begin PBXProject section */
		92B14F2E25AFE936002B54D4 /* Project object */ = {
			isa = PBXProject;
			attributes = {
				LastSwiftUpdateCheck = 1230;
				LastUpgradeCheck = 1230;
				TargetAttributes = {
					92B14F3525AFE936002B54D4 = {
						CreatedOnToolsVersion = 12.3;
					};
				};
			};
			buildConfigurationList = 92B14F3125AFE936002B54D4 /* Build configuration list for PBXProject "RNDM" */;
			compatibilityVersion = "Xcode 9.3";
			developmentRegion = en;
			hasScannedForEncodings = 0;
			knownRegions = (
				en,
				Base,
			);
			mainGroup = 92B14F2D25AFE936002B54D4;
			productRefGroup = 92B14F3725AFE936002B54D4 /* Products */;
			projectDirPath = "";
			projectRoot = "";
			targets = (
				92B14F3525AFE936002B54D4 /* RNDM */,
			);
		};
/* End PBXProject section */

/* Begin PBXResourcesBuildPhase section */
		92B14F3425AFE936002B54D4 /* Resources */ = {
			isa = PBXResourcesBuildPhase;
			buildActionMask = 2147483647;
			files = (
				92B14F4925AFE937002B54D4 /* LaunchScreen.storyboard in Resources */,
				92B14F4625AFE937002B54D4 /* Assets.xcassets in Resources */,
				92B14F4125AFE936002B54D4 /* Main.storyboard in Resources */,
			);
			runOnlyForDeploymentPostprocessing = 0;
		};
/* End PBXResourcesBuildPhase section */

/* Begin PBXSourcesBuildPhase section */
		92B14F3225AFE936002B54D4 /* Sources */ = {
			isa = PBXSourcesBuildPhase;
			buildActionMask = 2147483647;
			files = (
				929378DD25B5124B00448FF0 /* MainMenu.swift in Sources */,
				92B14F3E25AFE936002B54D4 /* Login.swift in Sources */,
				92B14F3A25AFE936002B54D4 /* AppDelegate.swift in Sources */,
				9293790625BB539200448FF0 /* createSeasonTVC.swift in Sources */,
				929378E925B679FA00448FF0 /* CreateTV.swift in Sources */,
				92E47E9825BE25930063882A /* Decide.swift in Sources */,
				92B14F4425AFE936002B54D4 /* RNDM.xcdatamodeld in Sources */,
				92B14F3C25AFE936002B54D4 /* SceneDelegate.swift in Sources */,
			);
			runOnlyForDeploymentPostprocessing = 0;
		};
/* End PBXSourcesBuildPhase section */

/* Begin PBXVariantGroup section */
		92B14F3F25AFE936002B54D4 /* Main.storyboard */ = {
			isa = PBXVariantGroup;
			children = (
				92B14F4025AFE936002B54D4 /* Base */,
			);
			name = Main.storyboard;
			sourceTree = "<group>";
		};
		92B14F4725AFE937002B54D4 /* LaunchScreen.storyboard */ = {
			isa = PBXVariantGroup;
			children = (
				92B14F4825AFE937002B54D4 /* Base */,
			);
			name = LaunchScreen.storyboard;
			sourceTree = "<group>";
		};
/* End PBXVariantGroup section */

/* Begin XCBuildConfiguration section */
		92B14F4B25AFE937002B54D4 /* Debug */ = {
			isa = XCBuildConfiguration;
			buildSettings = {
				ALWAYS_SEARCH_USER_PATHS = NO;
				CLANG_ANALYZER_NONNULL = YES;
				CLANG_ANALYZER_NUMBER_OBJECT_CONVERSION = YES_AGGRESSIVE;
				CLANG_CXX_LANGUAGE_STANDARD = "gnu++14";
				CLANG_CXX_LIBRARY = "libc++";
				CLANG_ENABLE_MODULES = YES;
				CLANG_ENABLE_OBJC_ARC = YES;
				CLANG_ENABLE_OBJC_WEAK = YES;
				CLANG_WARN_BLOCK_CAPTURE_AUTORELEASING = YES;
				CLANG_WARN_BOOL_CONVERSION = YES;
				CLANG_WARN_COMMA = YES;
				CLANG_WARN_CONSTANT_CONVERSION = YES;
				CLANG_WARN_DEPRECATED_OBJC_IMPLEMENTATIONS = YES;
				CLANG_WARN_DIRECT_OBJC_ISA_USAGE = YES_ERROR;
				CLANG_WARN_DOCUMENTATION_COMMENTS = YES;
				CLANG_WARN_EMPTY_BODY = YES;
				CLANG_WARN_ENUM_CONVERSION = YES;
				CLANG_WARN_INFINITE_RECURSION = YES;
				CLANG_WARN_INT_CONVERSION = YES;
				CLANG_WARN_NON_LITERAL_NULL_CONVERSION = YES;
				CLANG_WARN_OBJC_IMPLICIT_RETAIN_SELF = YES;
				CLANG_WARN_OBJC_LITERAL_CONVERSION = YES;
				CLANG_WARN_OBJC_ROOT_CLASS = YES_ERROR;
				CLANG_WARN_QUOTED_INCLUDE_IN_FRAMEWORK_HEADER = YES;
				CLANG_WARN_RANGE_LOOP_ANALYSIS = YES;
				CLANG_WARN_STRICT_PROTOTYPES = YES;
				CLANG_WARN_SUSPICIOUS_MOVE = YES;
				CLANG_WARN_UNGUARDED_AVAILABILITY = YES_AGGRESSIVE;
				CLANG_WARN_UNREACHABLE_CODE = YES;
				CLANG_WARN__DUPLICATE_METHOD_MATCH = YES;
				COPY_PHASE_STRIP = NO;
				DEBUG_INFORMATION_FORMAT = dwarf;
				ENABLE_STRICT_OBJC_MSGSEND = YES;
				ENABLE_TESTABILITY = YES;
				GCC_C_LANGUAGE_STANDARD = gnu11;
				GCC_DYNAMIC_NO_PIC = NO;
				GCC_NO_COMMON_BLOCKS = YES;
				GCC_OPTIMIZATION_LEVEL = 0;
				GCC_PREPROCESSOR_DEFINITIONS = (
					"DEBUG=1",
					"$(inherited)",
				);
				GCC_WARN_64_TO_32_BIT_CONVERSION = YES;
				GCC_WARN_ABOUT_RETURN_TYPE = YES_ERROR;
				GCC_WARN_UNDECLARED_SELECTOR = YES;
				GCC_WARN_UNINITIALIZED_AUTOS = YES_AGGRESSIVE;
				GCC_WARN_UNUSED_FUNCTION = YES;
				GCC_WARN_UNUSED_VARIABLE = YES;
				IPHONEOS_DEPLOYMENT_TARGET = 14.3;
				MTL_ENABLE_DEBUG_INFO = INCLUDE_SOURCE;
				MTL_FAST_MATH = YES;
				ONLY_ACTIVE_ARCH = YES;
				SDKROOT = iphoneos;
				SWIFT_ACTIVE_COMPILATION_CONDITIONS = DEBUG;
				SWIFT_OPTIMIZATION_LEVEL = "-Onone";
			};
			name = Debug;
		};
		92B14F4C25AFE937002B54D4 /* Release */ = {
			isa = XCBuildConfiguration;
			buildSettings = {
				ALWAYS_SEARCH_USER_PATHS = NO;
				CLANG_ANALYZER_NONNULL = YES;
				CLANG_ANALYZER_NUMBER_OBJECT_CONVERSION = YES_AGGRESSIVE;
				CLANG_CXX_LANGUAGE_STANDARD = "gnu++14";
				CLANG_CXX_LIBRARY = "libc++";
				CLANG_ENABLE_MODULES = YES;
				CLANG_ENABLE_OBJC_ARC = YES;
				CLANG_ENABLE_OBJC_WEAK = YES;
				CLANG_WARN_BLOCK_CAPTURE_AUTORELEASING = YES;
				CLANG_WARN_BOOL_CONVERSION = YES;
				CLANG_WARN_COMMA = YES;
				CLANG_WARN_CONSTANT_CONVERSION = YES;
				CLANG_WARN_DEPRECATED_OBJC_IMPLEMENTATIONS = YES;
				CLANG_WARN_DIRECT_OBJC_ISA_USAGE = YES_ERROR;
				CLANG_WARN_DOCUMENTATION_COMMENTS = YES;
				CLANG_WARN_EMPTY_BODY = YES;
				CLANG_WARN_ENUM_CONVERSION = YES;
				CLANG_WARN_INFINITE_RECURSION = YES;
				CLANG_WARN_INT_CONVERSION = YES;
				CLANG_WARN_NON_LITERAL_NULL_CONVERSION = YES;
				CLANG_WARN_OBJC_IMPLICIT_RETAIN_SELF = YES;
				CLANG_WARN_OBJC_LITERAL_CONVERSION = YES;
				CLANG_WARN_OBJC_ROOT_CLASS = YES_ERROR;
				CLANG_WARN_QUOTED_INCLUDE_IN_FRAMEWORK_HEADER = YES;
				CLANG_WARN_RANGE_LOOP_ANALYSIS = YES;
				CLANG_WARN_STRICT_PROTOTYPES = YES;
				CLANG_WARN_SUSPICIOUS_MOVE = YES;
				CLANG_WARN_UNGUARDED_AVAILABILITY = YES_AGGRESSIVE;
				CLANG_WARN_UNREACHABLE_CODE = YES;
				CLANG_WARN__DUPLICATE_METHOD_MATCH = YES;
				COPY_PHASE_STRIP = NO;
				DEBUG_INFORMATION_FORMAT = "dwarf-with-dsym";
				ENABLE_NS_ASSERTIONS = NO;
				ENABLE_STRICT_OBJC_MSGSEND = YES;
				GCC_C_LANGUAGE_STANDARD = gnu11;
				GCC_NO_COMMON_BLOCKS = YES;
				GCC_WARN_64_TO_32_BIT_CONVERSION = YES;
				GCC_WARN_ABOUT_RETURN_TYPE = YES_ERROR;
				GCC_WARN_UNDECLARED_SELECTOR = YES;
				GCC_WARN_UNINITIALIZED_AUTOS = YES_AGGRESSIVE;
				GCC_WARN_UNUSED_FUNCTION = YES;
				GCC_WARN_UNUSED_VARIABLE = YES;
				IPHONEOS_DEPLOYMENT_TARGET = 14.3;
				MTL_ENABLE_DEBUG_INFO = NO;
				MTL_FAST_MATH = YES;
				SDKROOT = iphoneos;
				SWIFT_COMPILATION_MODE = wholemodule;
				SWIFT_OPTIMIZATION_LEVEL = "-O";
				VALIDATE_PRODUCT = YES;
			};
			name = Release;
		};
		92B14F4E25AFE937002B54D4 /* Debug */ = {
			isa = XCBuildConfiguration;
			buildSettings = {
				ASSETCATALOG_COMPILER_APPICON_NAME = AppIcon;
				ASSETCATALOG_COMPILER_GLOBAL_ACCENT_COLOR_NAME = AccentColor;
				CODE_SIGN_ENTITLEMENTS = RNDM/RNDM.entitlements;
				CODE_SIGN_STYLE = Automatic;
				DEVELOPMENT_TEAM = MPZ363GZHF;
				INFOPLIST_FILE = RNDM/Info.plist;
				LD_RUNPATH_SEARCH_PATHS = (
					"$(inherited)",
					"@executable_path/Frameworks",
				);
				PRODUCT_BUNDLE_IDENTIFIER = "com.michael-reinders.RNDM";
				PRODUCT_NAME = "$(TARGET_NAME)";
				SWIFT_VERSION = 5.0;
				TARGETED_DEVICE_FAMILY = "1,2";
			};
			name = Debug;
		};
		92B14F4F25AFE937002B54D4 /* Release */ = {
			isa = XCBuildConfiguration;
			buildSettings = {
				ASSETCATALOG_COMPILER_APPICON_NAME = AppIcon;
				ASSETCATALOG_COMPILER_GLOBAL_ACCENT_COLOR_NAME = AccentColor;
				CODE_SIGN_ENTITLEMENTS = RNDM/RNDM.entitlements;
				CODE_SIGN_STYLE = Automatic;
				DEVELOPMENT_TEAM = MPZ363GZHF;
				INFOPLIST_FILE = RNDM/Info.plist;
				LD_RUNPATH_SEARCH_PATHS = (
					"$(inherited)",
					"@executable_path/Frameworks",
				);
				PRODUCT_BUNDLE_IDENTIFIER = "com.michael-reinders.RNDM";
				PRODUCT_NAME = "$(TARGET_NAME)";
				SWIFT_VERSION = 5.0;
				TARGETED_DEVICE_FAMILY = "1,2";
			};
			name = Release;
		};
/* End XCBuildConfiguration section */

/* Begin XCConfigurationList section */
		92B14F3125AFE936002B54D4 /* Build configuration list for PBXProject "RNDM" */ = {
			isa = XCConfigurationList;
			buildConfigurations = (
				92B14F4B25AFE937002B54D4 /* Debug */,
				92B14F4C25AFE937002B54D4 /* Release */,
			);
			defaultConfigurationIsVisible = 0;
			defaultConfigurationName = Release;
		};
		92B14F4D25AFE937002B54D4 /* Build configuration list for PBXNativeTarget "RNDM" */ = {
			isa = XCConfigurationList;
			buildConfigurations = (
				92B14F4E25AFE937002B54D4 /* Debug */,
				92B14F4F25AFE937002B54D4 /* Release */,
			);
			defaultConfigurationIsVisible = 0;
			defaultConfigurationName = Release;
		};
/* End XCConfigurationList section */

/* Begin XCVersionGroup section */
		92B14F4225AFE936002B54D4 /* RNDM.xcdatamodeld */ = {
			isa = XCVersionGroup;
			children = (
				92B14F4325AFE936002B54D4 /* RNDM.xcdatamodel */,
			);
			currentVersion = 92B14F4325AFE936002B54D4 /* RNDM.xcdatamodel */;
			path = RNDM.xcdatamodeld;
			sourceTree = "<group>";
			versionGroupType = wrapper.xcdatamodel;
		};
/* End XCVersionGroup section */
	};
	rootObject = 92B14F2E25AFE936002B54D4 /* Project object */;
}
